# THIS IS AN AUTOGENERATED FILE. DO NOT EDIT THIS FILE DIRECTLY.
# yarn lockfile v1


"@types/mdast@^3.0.0":
  version "3.0.3"
  resolved "https://registry.yarnpkg.com/@types/mdast/-/mdast-3.0.3.tgz#2d7d671b1cd1ea3deb306ea75036c2a0407d2deb"
  integrity sha512-SXPBMnFVQg1s00dlMCc/jCdvPqdE4mXaMMCeRlxLDmTAEoegHT53xKtkDnzDTOcmMHUfcjyf36/YYZ6SxRdnsw==
  dependencies:
    "@types/unist" "*"

"@types/node@^14.14.6":
  version "14.14.6"
  resolved "https://registry.yarnpkg.com/@types/node/-/node-14.14.6.tgz#146d3da57b3c636cc0d1769396ce1cfa8991147f"
  integrity sha512-6QlRuqsQ/Ox/aJEQWBEJG7A9+u7oSYl3mem/K8IzxXG/kAGbV1YPD9Bg9Zw3vyxC/YP+zONKwy8hGkSt1jxFMw==

"@types/unist@*", "@types/unist@^2.0.0", "@types/unist@^2.0.2":
  version "2.0.3"
  resolved "https://registry.yarnpkg.com/@types/unist/-/unist-2.0.3.tgz#9c088679876f374eb5983f150d4787aa6fb32d7e"
  integrity sha512-FvUupuM3rlRsRtCN+fDudtmytGO6iHJuuRKS1Ss0pG5z8oX0diNEw94UEL7hgDbpN94rgaK5R7sWm6RrSkZuAQ==

"@typescript/twoslash@0.6.2":
  version "0.6.2"
  resolved "https://registry.yarnpkg.com/@typescript/twoslash/-/twoslash-0.6.2.tgz#6e1d3635a92bf97c145cf31ea90e78fb9e21cee8"
  integrity sha512-vKuOi55XEe/lZ8Pi0au2ihofgmPrujaOPCTqonqa5QSD3sG2NWWOPhNjNWtxuIAQ+LKrS5FVRxK8cGUgbrjEhA==
  dependencies:
    "@typescript/vfs" "1.1.2"
    debug "^4.1.1"
    lz-string "^1.4.4"

"@typescript/twoslash@1.1.1":
  version "1.1.1"
  resolved "https://registry.yarnpkg.com/@typescript/twoslash/-/twoslash-1.1.1.tgz#9ba76ad88386b2d5caae21912bdb735f1fb237af"
  integrity sha512-J+5BcfFNgtLvNqrYGrxaxe1mIFAS5mMgYeaSlP8AKuWOBI1O6vmb9+Jj5mUgpS+baMB7XLcwXeFz54c3JnRk5Q==
  dependencies:
    "@typescript/vfs" "1.3.0"
    debug "^4.1.1"
    lz-string "^1.4.4"

"@typescript/vfs@1.1.2":
  version "1.1.2"
  resolved "https://registry.yarnpkg.com/@typescript/vfs/-/vfs-1.1.2.tgz#750e30343ea706ff52cae5b7865c8cacc92bf3a2"
  integrity sha512-5VOXMjAMc9W0XnW+DNskn+kR0ytIzigLlK9Bfj4oSOQdWAehrmwJ8Xm0Q/YFmYsMCt+N9UosLJVGLpgyrAVqwg==
  dependencies:
    debug "^4.1.1"

"@typescript/vfs@1.3.0":
  version "1.3.0"
  resolved "https://registry.yarnpkg.com/@typescript/vfs/-/vfs-1.3.0.tgz#1abc69c43c85c21a58881598a6031fd3f3600153"
  integrity sha512-Bd1LdvQpm0uU2eclcCfO8H8oAGAfEJiKn0acKy/xeZV4sARwXx9MHBMuDX0XDPLmI2JpIm+mFV9Ers65xnoaQg==
  dependencies:
    debug "^4.1.1"

bail@^1.0.0:
  version "1.0.5"
  resolved "https://registry.yarnpkg.com/bail/-/bail-1.0.5.tgz#b6fa133404a392cbc1f8c4bf63f5953351e7a776"
  integrity sha512-xFbRxM1tahm08yHBP16MMjVUAvDaBMD38zsM9EMAUN61omwLmKlOpB/Zku5QkjZ8TZ4vn53pj+t518cH0S03RQ==

ccount@^1.0.0:
  version "1.1.0"
  resolved "https://registry.yarnpkg.com/ccount/-/ccount-1.1.0.tgz#246687debb6014735131be8abab2d93898f8d043"
  integrity sha512-vlNK021QdI7PNeiUh/lKkC/mNHHfV0m/Ad5JoI0TYtlBnJAslM/JIkm/tGC88bkLIwO6OQ5uV6ztS6kVAtCDlg==

character-entities-html4@^1.0.0:
  version "1.1.4"
  resolved "https://registry.yarnpkg.com/character-entities-html4/-/character-entities-html4-1.1.4.tgz#0e64b0a3753ddbf1fdc044c5fd01d0199a02e125"
  integrity sha512-HRcDxZuZqMx3/a+qrzxdBKBPUpxWEq9xw2OPZ3a/174ihfrQKVsFhqtthBInFy1zZ9GgZyFXOatNujm8M+El3g==

character-entities-legacy@^1.0.0:
  version "1.1.4"
  resolved "https://registry.yarnpkg.com/character-entities-legacy/-/character-entities-legacy-1.1.4.tgz#94bc1845dce70a5bb9d2ecc748725661293d8fc1"
  integrity sha512-3Xnr+7ZFS1uxeiUDvV02wQ+QDbc55o97tIV5zHScSPJpcLm/r0DFPcoY3tYRp+VZukxuMeKgXYmsXQHO05zQeA==

character-entities@^1.0.0:
  version "1.2.4"
  resolved "https://registry.yarnpkg.com/character-entities/-/character-entities-1.2.4.tgz#e12c3939b7eaf4e5b15e7ad4c5e28e1d48c5b16b"
  integrity sha512-iBMyeEHxfVnIakwOuDXpVkc54HijNgCyQB2w0VfGQThle6NXn50zU6V/u+LDhxHcDUPojn6Kpga3PTAD8W1bQw==

character-reference-invalid@^1.0.0:
  version "1.1.4"
  resolved "https://registry.yarnpkg.com/character-reference-invalid/-/character-reference-invalid-1.1.4.tgz#083329cda0eae272ab3dbbf37e9a382c13af1560"
  integrity sha512-mKKUkUbhPpQlCOfIuZkvSEgktjPFIsZKRRbC6KWVEMvlzblj3i3asQv5ODsrwt0N3pHAEvjP8KTQPHkp0+6jOg==

comma-separated-tokens@^1.0.0:
  version "1.0.8"
  resolved "https://registry.yarnpkg.com/comma-separated-tokens/-/comma-separated-tokens-1.0.8.tgz#632b80b6117867a158f1080ad498b2fbe7e3f5ea"
  integrity sha512-GHuDRO12Sypu2cV70d1dkA2EUmXHgntrzbpvOB+Qy+49ypNfGgFQIC2fhhXbnyrJRynDCAARsT7Ou0M6hirpfw==

debug@^4.0.0, debug@^4.1.1:
  version "4.2.0"
  resolved "https://registry.yarnpkg.com/debug/-/debug-4.2.0.tgz#7f150f93920e94c58f5574c2fd01a3110effe7f1"
  integrity sha512-IX2ncY78vDTjZMFUdmsvIRFY2Cf4FnD0wRs+nQwJU8Lu99/tPFdb0VybiiMTPe3I6rQmwsqQqRBvxU+bZ/I8sg==
  dependencies:
    ms "2.1.2"

extend@^3.0.0:
  version "3.0.2"
  resolved "https://registry.yarnpkg.com/extend/-/extend-3.0.2.tgz#f8b1136b4071fbd8eb140aff858b1019ec2915fa"
  integrity sha512-fjquC59cD7CyW6urNXK0FBufkZcoiGG80wTuPujX590cB5Ttln20E2UB4S/WARVqhXffZl2LNgS+gQdPIIim/g==

gatsby-remark-shiki-twoslash@^0.7.0:
  version "0.7.0"
  resolved "https://registry.yarnpkg.com/gatsby-remark-shiki-twoslash/-/gatsby-remark-shiki-twoslash-0.7.0.tgz#ae69fccc75ff5286f60d21cc1c75b3ce4d64724c"
  integrity sha512-XwYowMmSTRO4kbQr7thJKNiXPqnuKIVnz1b2LpLk4S/H38r7BWBqCzr6clJIW9tc00FOjYLw6kaVyOTq9cIHaA==
  dependencies:
    "@typescript/twoslash" "0.6.2"
    "@typescript/vfs" "1.1.2"
    shiki "^0.1.6"
    shiki-languages "^0.1.6"
    shiki-twoslash "0.7.0"
    typescript "*"
    unist-util-visit "^2.0.0"

hast-util-is-element@^1.0.0:
  version "1.1.0"
  resolved "https://registry.yarnpkg.com/hast-util-is-element/-/hast-util-is-element-1.1.0.tgz#3b3ed5159a2707c6137b48637fbfe068e175a425"
  integrity sha512-oUmNua0bFbdrD/ELDSSEadRVtWZOf3iF6Lbv81naqsIV99RnSCieTbWuWCY8BAeEfKJTKl0gRdokv+dELutHGQ==

hast-util-to-html@^7.1.2:
  version "7.1.2"
  resolved "https://registry.yarnpkg.com/hast-util-to-html/-/hast-util-to-html-7.1.2.tgz#db677f0ee483658cea0eecc9dec30aba42b67111"
  integrity sha512-pu73bvORzdF6XZgwl9eID/0RjBb/jtRfoGRRSykpR1+o9rCdiAHpgkSukZsQBRlIqMg6ylAcd7F0F7myJUb09Q==
  dependencies:
    ccount "^1.0.0"
    comma-separated-tokens "^1.0.0"
    hast-util-is-element "^1.0.0"
    hast-util-whitespace "^1.0.0"
    html-void-elements "^1.0.0"
    property-information "^5.0.0"
    space-separated-tokens "^1.0.0"
    stringify-entities "^3.0.1"
    unist-util-is "^4.0.0"
    xtend "^4.0.0"

hast-util-whitespace@^1.0.0:
  version "1.0.4"
  resolved "https://registry.yarnpkg.com/hast-util-whitespace/-/hast-util-whitespace-1.0.4.tgz#e4fe77c4a9ae1cb2e6c25e02df0043d0164f6e41"
  integrity sha512-I5GTdSfhYfAPNztx2xJRQpG8cuDSNt599/7YUn7Gx/WxNMsG+a835k97TDkFgk123cwjfwINaZknkKkphx/f2A==

html-void-elements@^1.0.0:
  version "1.0.5"
  resolved "https://registry.yarnpkg.com/html-void-elements/-/html-void-elements-1.0.5.tgz#ce9159494e86d95e45795b166c2021c2cfca4483"
  integrity sha512-uE/TxKuyNIcx44cIWnjr/rfIATDH7ZaOMmstu0CwhFG1Dunhlp4OC6/NMbhiwoq5BpW0ubi303qnEk/PZj614w==

is-alphabetical@^1.0.0:
  version "1.0.4"
  resolved "https://registry.yarnpkg.com/is-alphabetical/-/is-alphabetical-1.0.4.tgz#9e7d6b94916be22153745d184c298cbf986a686d"
  integrity sha512-DwzsA04LQ10FHTZuL0/grVDk4rFoVH1pjAToYwBrHSxcrBIGQuXrQMtD5U1b0U2XVgKZCTLLP8u2Qxqhy3l2Vg==

is-alphanumerical@^1.0.0:
  version "1.0.4"
  resolved "https://registry.yarnpkg.com/is-alphanumerical/-/is-alphanumerical-1.0.4.tgz#7eb9a2431f855f6b1ef1a78e326df515696c4dbf"
  integrity sha512-UzoZUr+XfVz3t3v4KyGEniVL9BDRoQtY7tOyrRybkVNjDFWyo1yhXNGrrBTQxp3ib9BLAWs7k2YKBQsFRkZG9A==
  dependencies:
    is-alphabetical "^1.0.0"
    is-decimal "^1.0.0"

is-buffer@^2.0.0:
  version "2.0.4"
  resolved "https://registry.yarnpkg.com/is-buffer/-/is-buffer-2.0.4.tgz#3e572f23c8411a5cfd9557c849e3665e0b290623"
  integrity sha512-Kq1rokWXOPXWuaMAqZiJW4XxsmD9zGx9q4aePabbn3qCRGedtH7Cm+zV8WETitMfu1wdh+Rvd6w5egwSngUX2A==

is-decimal@^1.0.0:
  version "1.0.4"
  resolved "https://registry.yarnpkg.com/is-decimal/-/is-decimal-1.0.4.tgz#65a3a5958a1c5b63a706e1b333d7cd9f630d3fa5"
  integrity sha512-RGdriMmQQvZ2aqaQq3awNA6dCGtKpiDFcOzrTWrDAT2MiWrKQVPmxLGHl7Y2nNu6led0kEyoX0enY0qXYsv9zw==

is-hexadecimal@^1.0.0:
  version "1.0.4"
  resolved "https://registry.yarnpkg.com/is-hexadecimal/-/is-hexadecimal-1.0.4.tgz#cc35c97588da4bd49a8eedd6bc4082d44dcb23a7"
  integrity sha512-gyPJuv83bHMpocVYoqof5VDiZveEoGoFL8m3BXNb2VW8Xs+rz9kqO8LOQ5DH6EsuvilT1ApazU0pyl+ytbPtlw==

is-plain-obj@^2.0.0:
  version "2.1.0"
  resolved "https://registry.yarnpkg.com/is-plain-obj/-/is-plain-obj-2.1.0.tgz#45e42e37fccf1f40da8e5f76ee21515840c09287"
  integrity sha512-YWnfyRwxL/+SsrWYfOpUtz5b3YD+nyfkHvjbcanzk8zgyO4ASD67uVMRt8k5bM4lLMDnXfriRhOpemw+NfT1eA==

json5@^2.1.0:
  version "2.1.3"
  resolved "https://registry.yarnpkg.com/json5/-/json5-2.1.3.tgz#c9b0f7fa9233bfe5807fe66fcf3a5617ed597d43"
  integrity sha512-KXPvOm8K9IJKFM0bmdn8QXh7udDh1g/giieX0NLCaMnb4hEiVFqnop2ImTXCc5e0/oHz3LTqmHGtExn5hfMkOA==
  dependencies:
    minimist "^1.2.5"

longest-streak@^2.0.0:
  version "2.0.4"
  resolved "https://registry.yarnpkg.com/longest-streak/-/longest-streak-2.0.4.tgz#b8599957da5b5dab64dee3fe316fa774597d90e4"
  integrity sha512-vM6rUVCVUJJt33bnmHiZEvr7wPT78ztX7rojL+LW51bHtLh6HTjx84LA5W4+oa6aKEJA7jJu5LR6vQRBpA5DVg==

lru-cache@^5.1.1:
  version "5.1.1"
  resolved "https://registry.yarnpkg.com/lru-cache/-/lru-cache-5.1.1.tgz#1da27e6710271947695daf6848e847f01d84b920"
  integrity sha512-KpNARQA3Iwv+jTA0utUVVbrh+Jlrr1Fv0e56GGzAFOXN7dk/FviaDW8LHmK52DlcH4WP2n6gI8vN1aesBFgo9w==
  dependencies:
    yallist "^3.0.2"

lz-string@^1.4.4:
  version "1.4.4"
  resolved "https://registry.yarnpkg.com/lz-string/-/lz-string-1.4.4.tgz#c0d8eaf36059f705796e1e344811cf4c498d3a26"
  integrity sha1-wNjq82BZ9wV5bh40SBHPTEmNOiY=

mdast-util-definitions@^4.0.0:
  version "4.0.0"
  resolved "https://registry.yarnpkg.com/mdast-util-definitions/-/mdast-util-definitions-4.0.0.tgz#c5c1a84db799173b4dcf7643cda999e440c24db2"
  integrity sha512-k8AJ6aNnUkB7IE+5azR9h81O5EQ/cTDXtWdMq9Kk5KcEW/8ritU5CeLg/9HhOC++nALHBlaogJ5jz0Ybk3kPMQ==
  dependencies:
    unist-util-visit "^2.0.0"

mdast-util-from-markdown@^0.8.0:
  version "0.8.1"
  resolved "https://registry.yarnpkg.com/mdast-util-from-markdown/-/mdast-util-from-markdown-0.8.1.tgz#781371d493cac11212947226190270c15dc97116"
  integrity sha512-qJXNcFcuCSPqUF0Tb0uYcFDIq67qwB3sxo9RPdf9vG8T90ViKnksFqdB/Coq2a7sTnxL/Ify2y7aIQXDkQFH0w==
  dependencies:
    "@types/mdast" "^3.0.0"
    mdast-util-to-string "^1.0.0"
    micromark "~2.10.0"
    parse-entities "^2.0.0"

mdast-util-to-hast@^10.0.0:
  version "10.0.0"
  resolved "https://registry.yarnpkg.com/mdast-util-to-hast/-/mdast-util-to-hast-10.0.0.tgz#744dfe7907bac0263398a68af5aba16d104a9a08"
  integrity sha512-dRyAC5S4eDcIOdkz4jg0wXbUdlf+5YFu7KppJNHOsMaD7ql5bKIqVcvXYYkcrKjzUkfX8JsKFVMthsU8OWxQ+w==
  dependencies:
    "@types/mdast" "^3.0.0"
    "@types/unist" "^2.0.0"
    mdast-util-definitions "^4.0.0"
    mdurl "^1.0.0"
    unist-builder "^2.0.0"
    unist-util-generated "^1.0.0"
    unist-util-position "^3.0.0"
    unist-util-visit "^2.0.0"

mdast-util-to-markdown@^0.5.0:
  version "0.5.3"
  resolved "https://registry.yarnpkg.com/mdast-util-to-markdown/-/mdast-util-to-markdown-0.5.3.tgz#e05c54a3ccd239bab63c48a1e5b5747f0dcd5aca"
  integrity sha512-sr8q7fQJ1xoCqZSXW6dO/MYu2Md+a4Hfk9uO+XHCfiBhVM0EgWtfAV7BuN+ff6otUeu2xDyt1o7vhZGwOG3+BA==
  dependencies:
    "@types/unist" "^2.0.0"
    longest-streak "^2.0.0"
    mdast-util-to-string "^1.0.0"
    parse-entities "^2.0.0"
    repeat-string "^1.0.0"
    zwitch "^1.0.0"

mdast-util-to-string@^1.0.0:
  version "1.1.0"
  resolved "https://registry.yarnpkg.com/mdast-util-to-string/-/mdast-util-to-string-1.1.0.tgz#27055500103f51637bd07d01da01eb1967a43527"
  integrity sha512-jVU0Nr2B9X3MU4tSK7JP1CMkSvOj7X5l/GboG1tKRw52lLF1x2Ju92Ms9tNetCcbfX3hzlM73zYo2NKkWSfF/A==

mdurl@^1.0.0:
  version "1.0.1"
  resolved "https://registry.yarnpkg.com/mdurl/-/mdurl-1.0.1.tgz#fe85b2ec75a59037f2adfec100fd6c601761152e"
  integrity sha1-/oWy7HWlkDfyrf7BAP1sYBdhFS4=

micromark@~2.10.0:
  version "2.10.1"
  resolved "https://registry.yarnpkg.com/micromark/-/micromark-2.10.1.tgz#cd73f54e0656f10e633073db26b663a221a442a7"
  integrity sha512-fUuVF8sC1X7wsCS29SYQ2ZfIZYbTymp0EYr6sab3idFjigFFjGa5UwoniPlV9tAgntjuapW1t9U+S0yDYeGKHQ==
  dependencies:
    debug "^4.0.0"
    parse-entities "^2.0.0"

minimist@^1.2.5:
  version "1.2.5"
  resolved "https://registry.yarnpkg.com/minimist/-/minimist-1.2.5.tgz#67d66014b66a6a8aaa0c083c5fd58df4e4e97602"
  integrity sha512-FM9nNUYrRBAELZQT3xeZQ7fmMOBg6nWNmJKTcgsJeaLstP/UODVpGsr5OhXhhXg6f+qtJ8uiZ+PUxkDWcgIXLw==

ms@2.1.2:
  version "2.1.2"
  resolved "https://registry.yarnpkg.com/ms/-/ms-2.1.2.tgz#d09d1f357b443f493382a8eb3ccd183872ae6009"
  integrity sha512-sGkPx+VjMtmA6MX27oA4FBFELFCZZ4S4XqeGOXCv68tT+jb3vk/RyaKWP0PTKyWtmLSM0b+adUTEvbs1PEaH2w==

onigasm@^2.2.1:
  version "2.2.5"
  resolved "https://registry.yarnpkg.com/onigasm/-/onigasm-2.2.5.tgz#cc4d2a79a0fa0b64caec1f4c7ea367585a676892"
  integrity sha512-F+th54mPc0l1lp1ZcFMyL/jTs2Tlq4SqIHKIXGZOR/VkHkF9A7Fr5rRr5+ZG/lWeRsyrClLYRq7s/yFQ/XhWCA==
  dependencies:
    lru-cache "^5.1.1"

parse-entities@^2.0.0:
  version "2.0.0"
  resolved "https://registry.yarnpkg.com/parse-entities/-/parse-entities-2.0.0.tgz#53c6eb5b9314a1f4ec99fa0fdf7ce01ecda0cbe8"
  integrity sha512-kkywGpCcRYhqQIchaWqZ875wzpS/bMKhz5HnN3p7wveJTkTtyAB/AlnS0f8DFSqYW1T82t6yEAkEcB+A1I3MbQ==
  dependencies:
    character-entities "^1.0.0"
    character-entities-legacy "^1.0.0"
    character-reference-invalid "^1.0.0"
    is-alphanumerical "^1.0.0"
    is-decimal "^1.0.0"
    is-hexadecimal "^1.0.0"

property-information@^5.0.0:
  version "5.6.0"
  resolved "https://registry.yarnpkg.com/property-information/-/property-information-5.6.0.tgz#61675545fb23002f245c6540ec46077d4da3ed69"
  integrity sha512-YUHSPk+A30YPv+0Qf8i9Mbfe/C0hdPXk1s1jPVToV8pk8BQtpw10ct89Eo7OWkutrwqvT0eicAxlOg3dOAu8JA==
  dependencies:
    xtend "^4.0.0"

remark-parse@^9.0.0:
  version "9.0.0"
  resolved "https://registry.yarnpkg.com/remark-parse/-/remark-parse-9.0.0.tgz#4d20a299665880e4f4af5d90b7c7b8a935853640"
  integrity sha512-geKatMwSzEXKHuzBNU1z676sGcDcFoChMK38TgdHJNAYfFtsfHDQG7MoJAjs6sgYMqyLduCYWDIWZIxiPeafEw==
  dependencies:
    mdast-util-from-markdown "^0.8.0"

remark-stringify@^9.0.0:
  version "9.0.0"
  resolved "https://registry.yarnpkg.com/remark-stringify/-/remark-stringify-9.0.0.tgz#8ba0c9e4167c42733832215a81550489759e3793"
  integrity sha512-8x29DpTbVzEc6Dwb90qhxCtbZ6hmj3BxWWDpMhA+1WM4dOEGH5U5/GFe3Be5Hns5MvPSFAr1e2KSVtKZkK5nUw==
  dependencies:
    mdast-util-to-markdown "^0.5.0"

remark@^13.0.0:
  version "13.0.0"
  resolved "https://registry.yarnpkg.com/remark/-/remark-13.0.0.tgz#d15d9bf71a402f40287ebe36067b66d54868e425"
  integrity sha512-HDz1+IKGtOyWN+QgBiAT0kn+2s6ovOxHyPAFGKVE81VSzJ+mq7RwHFledEvB5F1p4iJvOah/LOKdFuzvRnNLCA==
  dependencies:
    remark-parse "^9.0.0"
    remark-stringify "^9.0.0"
    unified "^9.1.0"

repeat-string@^1.0.0:
  version "1.6.1"
  resolved "https://registry.yarnpkg.com/repeat-string/-/repeat-string-1.6.1.tgz#8dcae470e1c88abc2d600fff4a776286da75e637"
  integrity sha1-jcrkcOHIirwtYA//Sndihtp15jc=

replace-ext@1.0.0:
  version "1.0.0"
  resolved "https://registry.yarnpkg.com/replace-ext/-/replace-ext-1.0.0.tgz#de63128373fcbf7c3ccfa4de5a480c45a67958eb"
  integrity sha1-3mMSg3P8v3w8z6TeWkgMRaZ5WOs=

shiki-languages@^0.1.6:
  version "0.1.6"
  resolved "https://registry.yarnpkg.com/shiki-languages/-/shiki-languages-0.1.6.tgz#4a71eba9d345de4780fc46994e4d073356573e3e"
  integrity sha512-rMu+z97UCPKMtPBkzLBItReawXnlOgXZmELFwI/s3ATxd9VzJgSQTtQW/hmW5EYCrzF2kAUjoOnn+50/MPWjgQ==
  dependencies:
    vscode-textmate "https://github.com/octref/vscode-textmate"

shiki-themes@^0.1.7:
  version "0.1.7"
  resolved "https://registry.yarnpkg.com/shiki-themes/-/shiki-themes-0.1.7.tgz#edaf2027b31bb3645dd044f66a76d4cdb2599b77"
  integrity sha512-mpF/VynGun/uNdjOIPnyPv4boN/QYDh+zE94SavgvmatMHkXXjZhls19Xv9rcRwuxUrWfXjaPkEZj7VAk94GGg==
  dependencies:
    json5 "^2.1.0"
    vscode-textmate "https://github.com/octref/vscode-textmate"

shiki-twoslash@0.7.0:
  version "0.7.0"
  resolved "https://registry.yarnpkg.com/shiki-twoslash/-/shiki-twoslash-0.7.0.tgz#a33b5d1a28ca676f6c02b7c4ccb4317496f0b5eb"
  integrity sha512-HTLp5HuZhFHwlxvOM4QP0+dfpqE6PEGkXEgP6U1sK3Cawq5Hs1I6ZFwXqFOU2T1MZz+QiQVCWF67VkKRl4F01Q==
  dependencies:
    "@typescript/twoslash" "0.6.2"
    "@typescript/vfs" "1.1.2"
    shiki "^0.1.6"
    shiki-languages "^0.1.6"
    typescript "*"

shiki-twoslash@^0.8.1:
  version "0.8.1"
  resolved "https://registry.yarnpkg.com/shiki-twoslash/-/shiki-twoslash-0.8.1.tgz#7b84bc2aa9fde548273e639fbb51250fea4b492b"
  integrity sha512-AauFyzR6Wi0ITZNb/RA9fe4lvNkFhnsPZ9eNWjyZWGmbyd475Q4We/xNzMnOnpz2aJ+LDzDv+IkEbsPzxxnMkQ==
  dependencies:
    "@typescript/twoslash" "1.1.1"
    "@typescript/vfs" "1.3.0"
    shiki "^0.1.6"
    shiki-languages "^0.1.6"
    typescript "*"

shiki@^0.1.6:
  version "0.1.7"
  resolved "https://registry.yarnpkg.com/shiki/-/shiki-0.1.7.tgz#138eed000063a80e44eedc800381977c690271e5"
  integrity sha512-9J0PhAdXv6tt3FZf82oKZkcV8c8NRZYJEOH0eIrrxfcyNzMuB79tJFGFSI3OhhiYFL5namob/Ii0Ri4iDoF15A==
  dependencies:
    onigasm "^2.2.1"
    shiki-languages "^0.1.6"
    shiki-themes "^0.1.7"
    vscode-textmate "https://github.com/octref/vscode-textmate"

space-separated-tokens@^1.0.0:
  version "1.1.5"
  resolved "https://registry.yarnpkg.com/space-separated-tokens/-/space-separated-tokens-1.1.5.tgz#85f32c3d10d9682007e917414ddc5c26d1aa6899"
  integrity sha512-q/JSVd1Lptzhf5bkYm4ob4iWPjx0KiRe3sRFBNrVqbJkFaBm5vbbowy1mymoPNLRa52+oadOhJ+K49wsSeSjTA==

stringify-entities@^3.0.1:
  version "3.1.0"
  resolved "https://registry.yarnpkg.com/stringify-entities/-/stringify-entities-3.1.0.tgz#b8d3feac256d9ffcc9fa1fefdcf3ca70576ee903"
  integrity sha512-3FP+jGMmMV/ffZs86MoghGqAoqXAdxLrJP4GUdrDN1aIScYih5tuIO3eF4To5AJZ79KDZ8Fpdy7QJnK8SsL1Vg==
  dependencies:
    character-entities-html4 "^1.0.0"
    character-entities-legacy "^1.0.0"
    xtend "^4.0.0"

trough@^1.0.0:
  version "1.0.5"
  resolved "https://registry.yarnpkg.com/trough/-/trough-1.0.5.tgz#b8b639cefad7d0bb2abd37d433ff8293efa5f406"
  integrity sha512-rvuRbTarPXmMb79SmzEp8aqXNKcK+y0XaB298IXueQ8I2PsrATcPBCSPyK/dDNa2iWOhKlfNnOjdAOTBU/nkFA==

typescript@*, typescript@^4.0.5:
  version "4.0.5"
  resolved "https://registry.yarnpkg.com/typescript/-/typescript-4.0.5.tgz#ae9dddfd1069f1cb5beb3ef3b2170dd7c1332389"
  integrity sha512-ywmr/VrTVCmNTJ6iV2LwIrfG1P+lv6luD8sUJs+2eI9NLGigaN+nUQc13iHqisq7bra9lnmUSYqbJvegraBOPQ==

unified@^9.1.0:
  version "9.2.0"
  resolved "https://registry.yarnpkg.com/unified/-/unified-9.2.0.tgz#67a62c627c40589edebbf60f53edfd4d822027f8"
  integrity sha512-vx2Z0vY+a3YoTj8+pttM3tiJHCwY5UFbYdiWrwBEbHmK8pvsPj2rtAX2BFfgXen8T39CJWblWRDT4L5WGXtDdg==
  dependencies:
    bail "^1.0.0"
    extend "^3.0.0"
    is-buffer "^2.0.0"
    is-plain-obj "^2.0.0"
    trough "^1.0.0"
    vfile "^4.0.0"

unist-builder@^2.0.0:
  version "2.0.3"
  resolved "https://registry.yarnpkg.com/unist-builder/-/unist-builder-2.0.3.tgz#77648711b5d86af0942f334397a33c5e91516436"
  integrity sha512-f98yt5pnlMWlzP539tPc4grGMsFaQQlP/vM396b00jngsiINumNmsY8rkXjfoi1c6QaM8nQ3vaGDuoKWbe/1Uw==

unist-util-generated@^1.0.0:
  version "1.1.6"
  resolved "https://registry.yarnpkg.com/unist-util-generated/-/unist-util-generated-1.1.6.tgz#5ab51f689e2992a472beb1b35f2ce7ff2f324d4b"
  integrity sha512-cln2Mm1/CZzN5ttGK7vkoGw+RZ8VcUH6BtGbq98DDtRGquAAOXig1mrBQYelOwMXYS8rK+vZDyyojSjp7JX+Lg==

unist-util-is@^4.0.0:
  version "4.0.3"
  resolved "https://registry.yarnpkg.com/unist-util-is/-/unist-util-is-4.0.3.tgz#e8b44db55fc20c43752b3346c116344d45d7c91d"
  integrity sha512-bTofCFVx0iQM8Jqb1TBDVRIQW03YkD3p66JOd/aCWuqzlLyUtx1ZAGw/u+Zw+SttKvSVcvTiKYbfrtLoLefykw==

unist-util-position@^3.0.0:
  version "3.1.0"
  resolved "https://registry.yarnpkg.com/unist-util-position/-/unist-util-position-3.1.0.tgz#1c42ee6301f8d52f47d14f62bbdb796571fa2d47"
  integrity sha512-w+PkwCbYSFw8vpgWD0v7zRCl1FpY3fjDSQ3/N/wNd9Ffa4gPi8+4keqt99N3XW6F99t/mUzp2xAhNmfKWp95QA==

unist-util-stringify-position@^2.0.0:
  version "2.0.3"
  resolved "https://registry.yarnpkg.com/unist-util-stringify-position/-/unist-util-stringify-position-2.0.3.tgz#cce3bfa1cdf85ba7375d1d5b17bdc4cada9bd9da"
  integrity sha512-3faScn5I+hy9VleOq/qNbAd6pAx7iH5jYBMS9I1HgQVijz/4mv5Bvw5iw1sC/90CODiKo81G/ps8AJrISn687g==
  dependencies:
    "@types/unist" "^2.0.2"

unist-util-visit-parents@^3.0.0:
  version "3.1.1"
  resolved "https://registry.yarnpkg.com/unist-util-visit-parents/-/unist-util-visit-parents-3.1.1.tgz#65a6ce698f78a6b0f56aa0e88f13801886cdaef6"
  integrity sha512-1KROIZWo6bcMrZEwiH2UrXDyalAa0uqzWCxCJj6lPOvTve2WkfgCytoDTPaMnodXh1WrXOq0haVYHj99ynJlsg==
  dependencies:
    "@types/unist" "^2.0.0"
    unist-util-is "^4.0.0"

unist-util-visit@^2.0.0:
  version "2.0.3"
  resolved "https://registry.yarnpkg.com/unist-util-visit/-/unist-util-visit-2.0.3.tgz#c3703893146df47203bb8a9795af47d7b971208c"
  integrity sha512-iJ4/RczbJMkD0712mGktuGpm/U4By4FfDonL7N/9tATGIF4imikjOuagyMY53tnZq3NP6BcmlrHhEKAfGWjh7Q==
  dependencies:
    "@types/unist" "^2.0.0"
    unist-util-is "^4.0.0"
    unist-util-visit-parents "^3.0.0"

vfile-message@^2.0.0:
  version "2.0.4"
  resolved "https://registry.yarnpkg.com/vfile-message/-/vfile-message-2.0.4.tgz#5b43b88171d409eae58477d13f23dd41d52c371a"
  integrity sha512-DjssxRGkMvifUOJre00juHoP9DPWuzjxKuMDrhNbk2TdaYYBNMStsNhEOt3idrtI12VQYM/1+iM0KOzXi4pxwQ==
  dependencies:
    "@types/unist" "^2.0.0"
    unist-util-stringify-position "^2.0.0"

vfile@^4.0.0:
  version "4.2.0"
  resolved "https://registry.yarnpkg.com/vfile/-/vfile-4.2.0.tgz#26c78ac92eb70816b01d4565e003b7e65a2a0e01"
  integrity sha512-a/alcwCvtuc8OX92rqqo7PflxiCgXRFjdyoGVuYV+qbgCb0GgZJRvIgCD4+U/Kl1yhaRsaTwksF88xbPyGsgpw==
  dependencies:
    "@types/unist" "^2.0.0"
    is-buffer "^2.0.0"
    replace-ext "1.0.0"
    unist-util-stringify-position "^2.0.0"
    vfile-message "^2.0.0"

"vscode-textmate@https://github.com/octref/vscode-textmate":
  version "4.0.1"
  resolved "https://github.com/octref/vscode-textmate#e65aabe2227febda7beaad31dd0fca1228c5ddf3"

xtend@^4.0.0:
  version "4.0.2"
  resolved "https://registry.yarnpkg.com/xtend/-/xtend-4.0.2.tgz#bb72779f5fa465186b1f438f674fa347fdb5db54"
  integrity sha512-LKYU1iAXJXUgAXn9URjiu+MWhyUXHsvfp7mcuYm9dSUKK0/CjtrUwFAxD82/mCWbtLsGjFIad0wIsod4zrTAEQ==

yallist@^3.0.2:
  version "3.1.1"
  resolved "https://registry.yarnpkg.com/yallist/-/yallist-3.1.1.tgz#dbb7daf9bfd8bac9ab45ebf602b8cbad0d5d08fd"
  integrity sha512-a4UGQaWPH59mOXUYnAG2ewncQS4i4F43Tv3JoAM+s2VDAmS9NsK8GpDMLrCHPksFT7h3K6TOoUNn2pb7RoXx4g==

zwitch@^1.0.0:
  version "1.0.5"
  resolved "https://registry.yarnpkg.com/zwitch/-/zwitch-1.0.5.tgz#d11d7381ffed16b742f6af7b3f223d5cd9fe9920"
  integrity sha512-V50KMwwzqJV0NpZIZFwfOD5/lyny3WlSzRiXgA0G7VUnRlqttta1L6UQIHzd6EuBY/cHGfwTIck7w1yH6Q5zUw==
